// !$*UTF8*$!
{
	archiveVersion = 1;
	classes = {
	};
	objectVersion = 55;
	objects = {

/* Begin PBXBuildFile section */
		88097C2F2830D5780082E674 /* SwiftDI in Frameworks */ = {isa = PBXBuildFile; productRef = 88097C2E2830D5780082E674 /* SwiftDI */; };
		88097C322830D59A0082E674 /* Assemblies.swift in Sources */ = {isa = PBXBuildFile; fileRef = 88097C312830D59A0082E674 /* Assemblies.swift */; };
		881D042E2829416F0006C0B7 /* CustomButtonStyle.swift in Sources */ = {isa = PBXBuildFile; fileRef = 881D042D2829416F0006C0B7 /* CustomButtonStyle.swift */; };
		882A8BA1282958D80094BA6E /* DownloadView.swift in Sources */ = {isa = PBXBuildFile; fileRef = 882A8BA0282958D80094BA6E /* DownloadView.swift */; };
		882A8BA628296E5F0094BA6E /* View+Extension.swift in Sources */ = {isa = PBXBuildFile; fileRef = 882A8BA528296E5F0094BA6E /* View+Extension.swift */; };
		882A8BAA282973620094BA6E /* VideoQuality.swift in Sources */ = {isa = PBXBuildFile; fileRef = 882A8BA9282973620094BA6E /* VideoQuality.swift */; };
		88469C0F282B979A009C553C /* Task+Extension.swift in Sources */ = {isa = PBXBuildFile; fileRef = 88469C0E282B979A009C553C /* Task+Extension.swift */; };
		8847C1B32834F08400255819 /* LoadifyApp+Extension.swift in Sources */ = {isa = PBXBuildFile; fileRef = 8847C1B22834F08400255819 /* LoadifyApp+Extension.swift */; };
		88A729AE28264AD100B5FE61 /* LoadifyApp.swift in Sources */ = {isa = PBXBuildFile; fileRef = 88A729AD28264AD100B5FE61 /* LoadifyApp.swift */; };
		88A729B028264AD100B5FE61 /* URLView.swift in Sources */ = {isa = PBXBuildFile; fileRef = 88A729AF28264AD100B5FE61 /* URLView.swift */; };
		88A729B228264AD400B5FE61 /* Assets.xcassets in Resources */ = {isa = PBXBuildFile; fileRef = 88A729B128264AD400B5FE61 /* Assets.xcassets */; };
		88A729B528264AD400B5FE61 /* Preview Assets.xcassets in Resources */ = {isa = PBXBuildFile; fileRef = 88A729B428264AD400B5FE61 /* Preview Assets.xcassets */; };
		88A729C128265A9500B5FE61 /* CustomTextField.swift in Sources */ = {isa = PBXBuildFile; fileRef = 88A729C028265A9500B5FE61 /* CustomTextField.swift */; };
		88B1CFA82826BBDA007B19B4 /* Api.swift in Sources */ = {isa = PBXBuildFile; fileRef = 88B1CFA72826BBDA007B19B4 /* Api.swift */; };
		88B1CFAA2826BCA5007B19B4 /* DownloaderViewModel.swift in Sources */ = {isa = PBXBuildFile; fileRef = 88B1CFA92826BCA5007B19B4 /* DownloaderViewModel.swift */; };
		88B1CFAC2826C2D7007B19B4 /* VideoDetails.swift in Sources */ = {isa = PBXBuildFile; fileRef = 88B1CFAB2826C2D7007B19B4 /* VideoDetails.swift */; };
		88CD83B82827D77B00F520C0 /* ApiService.swift in Sources */ = {isa = PBXBuildFile; fileRef = 88CD83B72827D77B00F520C0 /* ApiService.swift */; };
		88F3418128362A1F00493544 /* LoadifyKit in Frameworks */ = {isa = PBXBuildFile; productRef = 88F3418028362A1F00493544 /* LoadifyKit */; };
/* End PBXBuildFile section */

/* Begin PBXFileReference section */
		88097C312830D59A0082E674 /* Assemblies.swift */ = {isa = PBXFileReference; lastKnownFileType = sourcecode.swift; path = Assemblies.swift; sourceTree = "<group>"; };
		881D042D2829416F0006C0B7 /* CustomButtonStyle.swift */ = {isa = PBXFileReference; lastKnownFileType = sourcecode.swift; path = CustomButtonStyle.swift; sourceTree = "<group>"; };
		882A8BA0282958D80094BA6E /* DownloadView.swift */ = {isa = PBXFileReference; lastKnownFileType = sourcecode.swift; path = DownloadView.swift; sourceTree = "<group>"; };
		882A8BA528296E5F0094BA6E /* View+Extension.swift */ = {isa = PBXFileReference; lastKnownFileType = sourcecode.swift; path = "View+Extension.swift"; sourceTree = "<group>"; };
		882A8BA9282973620094BA6E /* VideoQuality.swift */ = {isa = PBXFileReference; lastKnownFileType = sourcecode.swift; path = VideoQuality.swift; sourceTree = "<group>"; };
		88469C0E282B979A009C553C /* Task+Extension.swift */ = {isa = PBXFileReference; lastKnownFileType = sourcecode.swift; path = "Task+Extension.swift"; sourceTree = "<group>"; };
		8847C1B22834F08400255819 /* LoadifyApp+Extension.swift */ = {isa = PBXFileReference; lastKnownFileType = sourcecode.swift; path = "LoadifyApp+Extension.swift"; sourceTree = "<group>"; };
		88A729AA28264AD100B5FE61 /* Loadify.app */ = {isa = PBXFileReference; explicitFileType = wrapper.application; includeInIndex = 0; path = Loadify.app; sourceTree = BUILT_PRODUCTS_DIR; };
		88A729AD28264AD100B5FE61 /* LoadifyApp.swift */ = {isa = PBXFileReference; lastKnownFileType = sourcecode.swift; path = LoadifyApp.swift; sourceTree = "<group>"; };
		88A729AF28264AD100B5FE61 /* URLView.swift */ = {isa = PBXFileReference; lastKnownFileType = sourcecode.swift; path = URLView.swift; sourceTree = "<group>"; };
		88A729B128264AD400B5FE61 /* Assets.xcassets */ = {isa = PBXFileReference; lastKnownFileType = folder.assetcatalog; path = Assets.xcassets; sourceTree = "<group>"; };
		88A729B428264AD400B5FE61 /* Preview Assets.xcassets */ = {isa = PBXFileReference; lastKnownFileType = folder.assetcatalog; path = "Preview Assets.xcassets"; sourceTree = "<group>"; };
		88A729C028265A9500B5FE61 /* CustomTextField.swift */ = {isa = PBXFileReference; lastKnownFileType = sourcecode.swift; path = CustomTextField.swift; sourceTree = "<group>"; };
		88B1CFA72826BBDA007B19B4 /* Api.swift */ = {isa = PBXFileReference; lastKnownFileType = sourcecode.swift; path = Api.swift; sourceTree = "<group>"; };
		88B1CFA92826BCA5007B19B4 /* DownloaderViewModel.swift */ = {isa = PBXFileReference; lastKnownFileType = sourcecode.swift; path = DownloaderViewModel.swift; sourceTree = "<group>"; };
		88B1CFAB2826C2D7007B19B4 /* VideoDetails.swift */ = {isa = PBXFileReference; lastKnownFileType = sourcecode.swift; path = VideoDetails.swift; sourceTree = "<group>"; };
		88CD83B72827D77B00F520C0 /* ApiService.swift */ = {isa = PBXFileReference; lastKnownFileType = sourcecode.swift; path = ApiService.swift; sourceTree = "<group>"; };
		88F3417F28362A1900493544 /* LoadifyKit */ = {isa = PBXFileReference; lastKnownFileType = wrapper; name = LoadifyKit; path = ../LoadifyKit; sourceTree = "<group>"; };
/* End PBXFileReference section */

/* Begin PBXFrameworksBuildPhase section */
		88A729A728264AD100B5FE61 /* Frameworks */ = {
			isa = PBXFrameworksBuildPhase;
			buildActionMask = 2147483647;
			files = (
				88F3418128362A1F00493544 /* LoadifyKit in Frameworks */,
				88097C2F2830D5780082E674 /* SwiftDI in Frameworks */,
			);
			runOnlyForDeploymentPostprocessing = 0;
		};
/* End PBXFrameworksBuildPhase section */

/* Begin PBXGroup section */
		88097C302830D58C0082E674 /* DI */ = {
			isa = PBXGroup;
			children = (
				88097C312830D59A0082E674 /* Assemblies.swift */,
			);
			path = DI;
			sourceTree = "<group>";
		};
		8815AFE5282AAF6D00980759 /* Frameworks */ = {
			isa = PBXGroup;
			children = (
			);
			name = Frameworks;
			sourceTree = "<group>";
		};
		881D042C2829414F0006C0B7 /* Modifiers */ = {
			isa = PBXGroup;
			children = (
				881D042D2829416F0006C0B7 /* CustomButtonStyle.swift */,
			);
			path = Modifiers;
			sourceTree = "<group>";
		};
		882A8BA428296E470094BA6E /* Extensions */ = {
			isa = PBXGroup;
			children = (
				8847C1B22834F08400255819 /* LoadifyApp+Extension.swift */,
				88469C0E282B979A009C553C /* Task+Extension.swift */,
				882A8BA528296E5F0094BA6E /* View+Extension.swift */,
			);
			path = Extensions;
			sourceTree = "<group>";
		};
		882A8BAB282973730094BA6E /* Enums */ = {
			isa = PBXGroup;
			children = (
				88B1CFA72826BBDA007B19B4 /* Api.swift */,
				882A8BA9282973620094BA6E /* VideoQuality.swift */,
			);
			path = Enums;
			sourceTree = "<group>";
		};
		88A729A128264AD100B5FE61 = {
			isa = PBXGroup;
			children = (
				88F3417F28362A1900493544 /* LoadifyKit */,
				88A729AC28264AD100B5FE61 /* Loadify */,
				88A729AB28264AD100B5FE61 /* Products */,
				8815AFE5282AAF6D00980759 /* Frameworks */,
			);
			sourceTree = "<group>";
		};
		88A729AB28264AD100B5FE61 /* Products */ = {
			isa = PBXGroup;
			children = (
				88A729AA28264AD100B5FE61 /* Loadify.app */,
			);
			name = Products;
			sourceTree = "<group>";
		};
		88A729AC28264AD100B5FE61 /* Loadify */ = {
			isa = PBXGroup;
			children = (
				88B1CFA62826BBA4007B19B4 /* App */,
				88097C302830D58C0082E674 /* DI */,
				882A8BA428296E470094BA6E /* Extensions */,
				88B1CFAD2826C41D007B19B4 /* Services */,
				88A729BD2826506B00B5FE61 /* Model */,
				88A729BC2826506300B5FE61 /* View */,
				88A729BE2826507100B5FE61 /* ViewModel */,
				88A729BB2826505500B5FE61 /* Resources */,
				88A729B328264AD400B5FE61 /* Preview Content */,
			);
			path = Loadify;
			sourceTree = "<group>";
		};
		88A729B328264AD400B5FE61 /* Preview Content */ = {
			isa = PBXGroup;
			children = (
				88A729B428264AD400B5FE61 /* Preview Assets.xcassets */,
			);
			path = "Preview Content";
			sourceTree = "<group>";
		};
		88A729BB2826505500B5FE61 /* Resources */ = {
			isa = PBXGroup;
			children = (
				88A729B128264AD400B5FE61 /* Assets.xcassets */,
			);
			path = Resources;
			sourceTree = "<group>";
		};
		88A729BC2826506300B5FE61 /* View */ = {
			isa = PBXGroup;
			children = (
				881D042C2829414F0006C0B7 /* Modifiers */,
				88A729BF28265A7300B5FE61 /* Components */,
				88A729AF28264AD100B5FE61 /* URLView.swift */,
				882A8BA0282958D80094BA6E /* DownloadView.swift */,
			);
			path = View;
			sourceTree = "<group>";
		};
		88A729BD2826506B00B5FE61 /* Model */ = {
			isa = PBXGroup;
			children = (
				88B1CFAB2826C2D7007B19B4 /* VideoDetails.swift */,
			);
			path = Model;
			sourceTree = "<group>";
		};
		88A729BE2826507100B5FE61 /* ViewModel */ = {
			isa = PBXGroup;
			children = (
				88B1CFA92826BCA5007B19B4 /* DownloaderViewModel.swift */,
			);
			path = ViewModel;
			sourceTree = "<group>";
		};
		88A729BF28265A7300B5FE61 /* Components */ = {
			isa = PBXGroup;
			children = (
				88A729C028265A9500B5FE61 /* CustomTextField.swift */,
			);
			path = Components;
			sourceTree = "<group>";
		};
		88B1CFA62826BBA4007B19B4 /* App */ = {
			isa = PBXGroup;
			children = (
				88A729AD28264AD100B5FE61 /* LoadifyApp.swift */,
				882A8BAB282973730094BA6E /* Enums */,
			);
			path = App;
			sourceTree = "<group>";
		};
		88B1CFAD2826C41D007B19B4 /* Services */ = {
			isa = PBXGroup;
			children = (
				88CD83B72827D77B00F520C0 /* ApiService.swift */,
			);
			path = Services;
			sourceTree = "<group>";
		};
/* End PBXGroup section */

/* Begin PBXNativeTarget section */
		88A729A928264AD100B5FE61 /* Loadify */ = {
			isa = PBXNativeTarget;
			buildConfigurationList = 88A729B828264AD400B5FE61 /* Build configuration list for PBXNativeTarget "Loadify" */;
			buildPhases = (
				88A729A628264AD100B5FE61 /* Sources */,
				88A729A728264AD100B5FE61 /* Frameworks */,
				88A729A828264AD100B5FE61 /* Resources */,
			);
			buildRules = (
			);
			dependencies = (
			);
			name = Loadify;
			packageProductDependencies = (
				88097C2E2830D5780082E674 /* SwiftDI */,
				88F3418028362A1F00493544 /* LoadifyKit */,
			);
			productName = Loadify;
			productReference = 88A729AA28264AD100B5FE61 /* Loadify.app */;
			productType = "com.apple.product-type.application";
		};
/* End PBXNativeTarget section */

/* Begin PBXProject section */
		88A729A228264AD100B5FE61 /* Project object */ = {
			isa = PBXProject;
			attributes = {
				BuildIndependentTargetsInParallel = 1;
				LastSwiftUpdateCheck = 1330;
				LastUpgradeCheck = 1330;
				TargetAttributes = {
					88A729A928264AD100B5FE61 = {
						CreatedOnToolsVersion = 13.3.1;
					};
				};
			};
			buildConfigurationList = 88A729A528264AD100B5FE61 /* Build configuration list for PBXProject "Loadify" */;
			compatibilityVersion = "Xcode 13.0";
			developmentRegion = en;
			hasScannedForEncodings = 0;
			knownRegions = (
				en,
				Base,
			);
			mainGroup = 88A729A128264AD100B5FE61;
			packageReferences = (
				88097C2D2830D5780082E674 /* XCRemoteSwiftPackageReference "IOS-DI-Kit" */,
			);
			productRefGroup = 88A729AB28264AD100B5FE61 /* Products */;
			projectDirPath = "";
			projectRoot = "";
			targets = (
				88A729A928264AD100B5FE61 /* Loadify */,
			);
		};
/* End PBXProject section */

/* Begin PBXResourcesBuildPhase section */
		88A729A828264AD100B5FE61 /* Resources */ = {
			isa = PBXResourcesBuildPhase;
			buildActionMask = 2147483647;
			files = (
				88A729B528264AD400B5FE61 /* Preview Assets.xcassets in Resources */,
				88A729B228264AD400B5FE61 /* Assets.xcassets in Resources */,
			);
			runOnlyForDeploymentPostprocessing = 0;
		};
/* End PBXResourcesBuildPhase section */

/* Begin PBXSourcesBuildPhase section */
		88A729A628264AD100B5FE61 /* Sources */ = {
			isa = PBXSourcesBuildPhase;
			buildActionMask = 2147483647;
			files = (
				882A8BA1282958D80094BA6E /* DownloadView.swift in Sources */,
				88B1CFAC2826C2D7007B19B4 /* VideoDetails.swift in Sources */,
				882A8BA628296E5F0094BA6E /* View+Extension.swift in Sources */,
				88097C322830D59A0082E674 /* Assemblies.swift in Sources */,
				88A729B028264AD100B5FE61 /* URLView.swift in Sources */,
				88A729AE28264AD100B5FE61 /* LoadifyApp.swift in Sources */,
				88A729C128265A9500B5FE61 /* CustomTextField.swift in Sources */,
				881D042E2829416F0006C0B7 /* CustomButtonStyle.swift in Sources */,
				88B1CFA82826BBDA007B19B4 /* Api.swift in Sources */,
				8847C1B32834F08400255819 /* LoadifyApp+Extension.swift in Sources */,
				882A8BAA282973620094BA6E /* VideoQuality.swift in Sources */,
				88CD83B82827D77B00F520C0 /* ApiService.swift in Sources */,
				88469C0F282B979A009C553C /* Task+Extension.swift in Sources */,
				88B1CFAA2826BCA5007B19B4 /* DownloaderViewModel.swift in Sources */,
			);
			runOnlyForDeploymentPostprocessing = 0;
		};
/* End PBXSourcesBuildPhase section */

/* Begin XCBuildConfiguration section */
		88A729B628264AD400B5FE61 /* Debug */ = {
			isa = XCBuildConfiguration;
			buildSettings = {
				ALWAYS_SEARCH_USER_PATHS = NO;
				CLANG_ANALYZER_NONNULL = YES;
				CLANG_ANALYZER_NUMBER_OBJECT_CONVERSION = YES_AGGRESSIVE;
				CLANG_CXX_LANGUAGE_STANDARD = "gnu++17";
				CLANG_ENABLE_MODULES = YES;
				CLANG_ENABLE_OBJC_ARC = YES;
				CLANG_ENABLE_OBJC_WEAK = YES;
				CLANG_WARN_BLOCK_CAPTURE_AUTORELEASING = YES;
				CLANG_WARN_BOOL_CONVERSION = YES;
				CLANG_WARN_COMMA = YES;
				CLANG_WARN_CONSTANT_CONVERSION = YES;
				CLANG_WARN_DEPRECATED_OBJC_IMPLEMENTATIONS = YES;
				CLANG_WARN_DIRECT_OBJC_ISA_USAGE = YES_ERROR;
				CLANG_WARN_DOCUMENTATION_COMMENTS = YES;
				CLANG_WARN_EMPTY_BODY = YES;
				CLANG_WARN_ENUM_CONVERSION = YES;
				CLANG_WARN_INFINITE_RECURSION = YES;
				CLANG_WARN_INT_CONVERSION = YES;
				CLANG_WARN_NON_LITERAL_NULL_CONVERSION = YES;
				CLANG_WARN_OBJC_IMPLICIT_RETAIN_SELF = YES;
				CLANG_WARN_OBJC_LITERAL_CONVERSION = YES;
				CLANG_WARN_OBJC_ROOT_CLASS = YES_ERROR;
				CLANG_WARN_QUOTED_INCLUDE_IN_FRAMEWORK_HEADER = YES;
				CLANG_WARN_RANGE_LOOP_ANALYSIS = YES;
				CLANG_WARN_STRICT_PROTOTYPES = YES;
				CLANG_WARN_SUSPICIOUS_MOVE = YES;
				CLANG_WARN_UNGUARDED_AVAILABILITY = YES_AGGRESSIVE;
				CLANG_WARN_UNREACHABLE_CODE = YES;
				CLANG_WARN__DUPLICATE_METHOD_MATCH = YES;
				COPY_PHASE_STRIP = NO;
				DEBUG_INFORMATION_FORMAT = dwarf;
				ENABLE_STRICT_OBJC_MSGSEND = YES;
				ENABLE_TESTABILITY = YES;
				GCC_C_LANGUAGE_STANDARD = gnu11;
				GCC_DYNAMIC_NO_PIC = NO;
				GCC_NO_COMMON_BLOCKS = YES;
				GCC_OPTIMIZATION_LEVEL = 0;
				GCC_PREPROCESSOR_DEFINITIONS = (
					"DEBUG=1",
					"$(inherited)",
				);
				GCC_WARN_64_TO_32_BIT_CONVERSION = YES;
				GCC_WARN_ABOUT_RETURN_TYPE = YES_ERROR;
				GCC_WARN_UNDECLARED_SELECTOR = YES;
				GCC_WARN_UNINITIALIZED_AUTOS = YES_AGGRESSIVE;
				GCC_WARN_UNUSED_FUNCTION = YES;
				GCC_WARN_UNUSED_VARIABLE = YES;
				IPHONEOS_DEPLOYMENT_TARGET = 15.4;
				MTL_ENABLE_DEBUG_INFO = INCLUDE_SOURCE;
				MTL_FAST_MATH = YES;
				ONLY_ACTIVE_ARCH = YES;
				SDKROOT = iphoneos;
				SWIFT_ACTIVE_COMPILATION_CONDITIONS = DEBUG;
				SWIFT_OPTIMIZATION_LEVEL = "-Onone";
			};
			name = Debug;
		};
		88A729B728264AD400B5FE61 /* Release */ = {
			isa = XCBuildConfiguration;
			buildSettings = {
				ALWAYS_SEARCH_USER_PATHS = NO;
				CLANG_ANALYZER_NONNULL = YES;
				CLANG_ANALYZER_NUMBER_OBJECT_CONVERSION = YES_AGGRESSIVE;
				CLANG_CXX_LANGUAGE_STANDARD = "gnu++17";
				CLANG_ENABLE_MODULES = YES;
				CLANG_ENABLE_OBJC_ARC = YES;
				CLANG_ENABLE_OBJC_WEAK = YES;
				CLANG_WARN_BLOCK_CAPTURE_AUTORELEASING = YES;
				CLANG_WARN_BOOL_CONVERSION = YES;
				CLANG_WARN_COMMA = YES;
				CLANG_WARN_CONSTANT_CONVERSION = YES;
				CLANG_WARN_DEPRECATED_OBJC_IMPLEMENTATIONS = YES;
				CLANG_WARN_DIRECT_OBJC_ISA_USAGE = YES_ERROR;
				CLANG_WARN_DOCUMENTATION_COMMENTS = YES;
				CLANG_WARN_EMPTY_BODY = YES;
				CLANG_WARN_ENUM_CONVERSION = YES;
				CLANG_WARN_INFINITE_RECURSION = YES;
				CLANG_WARN_INT_CONVERSION = YES;
				CLANG_WARN_NON_LITERAL_NULL_CONVERSION = YES;
				CLANG_WARN_OBJC_IMPLICIT_RETAIN_SELF = YES;
				CLANG_WARN_OBJC_LITERAL_CONVERSION = YES;
				CLANG_WARN_OBJC_ROOT_CLASS = YES_ERROR;
				CLANG_WARN_QUOTED_INCLUDE_IN_FRAMEWORK_HEADER = YES;
				CLANG_WARN_RANGE_LOOP_ANALYSIS = YES;
				CLANG_WARN_STRICT_PROTOTYPES = YES;
				CLANG_WARN_SUSPICIOUS_MOVE = YES;
				CLANG_WARN_UNGUARDED_AVAILABILITY = YES_AGGRESSIVE;
				CLANG_WARN_UNREACHABLE_CODE = YES;
				CLANG_WARN__DUPLICATE_METHOD_MATCH = YES;
				COPY_PHASE_STRIP = NO;
				DEBUG_INFORMATION_FORMAT = "dwarf-with-dsym";
				ENABLE_NS_ASSERTIONS = NO;
				ENABLE_STRICT_OBJC_MSGSEND = YES;
				GCC_C_LANGUAGE_STANDARD = gnu11;
				GCC_NO_COMMON_BLOCKS = YES;
				GCC_WARN_64_TO_32_BIT_CONVERSION = YES;
				GCC_WARN_ABOUT_RETURN_TYPE = YES_ERROR;
				GCC_WARN_UNDECLARED_SELECTOR = YES;
				GCC_WARN_UNINITIALIZED_AUTOS = YES_AGGRESSIVE;
				GCC_WARN_UNUSED_FUNCTION = YES;
				GCC_WARN_UNUSED_VARIABLE = YES;
				IPHONEOS_DEPLOYMENT_TARGET = 15.4;
				MTL_ENABLE_DEBUG_INFO = NO;
				MTL_FAST_MATH = YES;
				SDKROOT = iphoneos;
				SWIFT_COMPILATION_MODE = wholemodule;
				SWIFT_OPTIMIZATION_LEVEL = "-O";
				VALIDATE_PRODUCT = YES;
			};
			name = Release;
		};
		88A729B928264AD400B5FE61 /* Debug */ = {
			isa = XCBuildConfiguration;
			buildSettings = {
				ASSETCATALOG_COMPILER_APPICON_NAME = AppIcon;
				ASSETCATALOG_COMPILER_GLOBAL_ACCENT_COLOR_NAME = AccentColor;
				CODE_SIGN_STYLE = Automatic;
				CURRENT_PROJECT_VERSION = 1;
				DEVELOPMENT_ASSET_PATHS = "\"Loadify/Preview Content\"";
				DEVELOPMENT_TEAM = 5Q2G7C7C3U;
				ENABLE_PREVIEWS = YES;
				GENERATE_INFOPLIST_FILE = YES;
				INFOPLIST_KEY_UIApplicationSceneManifest_Generation = YES;
				INFOPLIST_KEY_UIApplicationSupportsIndirectInputEvents = YES;
				INFOPLIST_KEY_UILaunchScreen_Generation = YES;
				INFOPLIST_KEY_UISupportedInterfaceOrientations_iPad = "UIInterfaceOrientationPortrait UIInterfaceOrientationPortraitUpsideDown UIInterfaceOrientationLandscapeLeft UIInterfaceOrientationLandscapeRight";
				INFOPLIST_KEY_UISupportedInterfaceOrientations_iPhone = "UIInterfaceOrientationPortrait UIInterfaceOrientationLandscapeLeft UIInterfaceOrientationLandscapeRight";
				IPHONEOS_DEPLOYMENT_TARGET = 14.0;
				LD_RUNPATH_SEARCH_PATHS = (
					"$(inherited)",
					"@executable_path/Frameworks",
				);
				MARKETING_VERSION = 1.0;
				PRODUCT_BUNDLE_IDENTIFIER = io.VishwaiOSDev.Loadify;
				PRODUCT_NAME = "$(TARGET_NAME)";
				SWIFT_EMIT_LOC_STRINGS = YES;
				SWIFT_VERSION = 5.0;
				TARGETED_DEVICE_FAMILY = "1,2";
			};
			name = Debug;
		};
		88A729BA28264AD400B5FE61 /* Release */ = {
			isa = XCBuildConfiguration;
			buildSettings = {
				ASSETCATALOG_COMPILER_APPICON_NAME = AppIcon;
				ASSETCATALOG_COMPILER_GLOBAL_ACCENT_COLOR_NAME = AccentColor;
				CODE_SIGN_STYLE = Automatic;
				CURRENT_PROJECT_VERSION = 1;
				DEVELOPMENT_ASSET_PATHS = "\"Loadify/Preview Content\"";
				DEVELOPMENT_TEAM = 5Q2G7C7C3U;
				ENABLE_PREVIEWS = YES;
				GENERATE_INFOPLIST_FILE = YES;
				INFOPLIST_KEY_UIApplicationSceneManifest_Generation = YES;
				INFOPLIST_KEY_UIApplicationSupportsIndirectInputEvents = YES;
				INFOPLIST_KEY_UILaunchScreen_Generation = YES;
				INFOPLIST_KEY_UISupportedInterfaceOrientations_iPad = "UIInterfaceOrientationPortrait UIInterfaceOrientationPortraitUpsideDown UIInterfaceOrientationLandscapeLeft UIInterfaceOrientationLandscapeRight";
				INFOPLIST_KEY_UISupportedInterfaceOrientations_iPhone = "UIInterfaceOrientationPortrait UIInterfaceOrientationLandscapeLeft UIInterfaceOrientationLandscapeRight";
				IPHONEOS_DEPLOYMENT_TARGET = 14.0;
				LD_RUNPATH_SEARCH_PATHS = (
					"$(inherited)",
					"@executable_path/Frameworks",
				);
				MARKETING_VERSION = 1.0;
				PRODUCT_BUNDLE_IDENTIFIER = io.VishwaiOSDev.Loadify;
				PRODUCT_NAME = "$(TARGET_NAME)";
				SWIFT_EMIT_LOC_STRINGS = YES;
				SWIFT_VERSION = 5.0;
				TARGETED_DEVICE_FAMILY = "1,2";
			};
			name = Release;
		};
/* End XCBuildConfiguration section */

/* Begin XCConfigurationList section */
		88A729A528264AD100B5FE61 /* Build configuration list for PBXProject "Loadify" */ = {
			isa = XCConfigurationList;
			buildConfigurations = (
				88A729B628264AD400B5FE61 /* Debug */,
				88A729B728264AD400B5FE61 /* Release */,
			);
			defaultConfigurationIsVisible = 0;
			defaultConfigurationName = Release;
		};
		88A729B828264AD400B5FE61 /* Build configuration list for PBXNativeTarget "Loadify" */ = {
			isa = XCConfigurationList;
			buildConfigurations = (
				88A729B928264AD400B5FE61 /* Debug */,
				88A729BA28264AD400B5FE61 /* Release */,
			);
			defaultConfigurationIsVisible = 0;
			defaultConfigurationName = Release;
		};
/* End XCConfigurationList section */

/* Begin XCRemoteSwiftPackageReference section */
		88097C2D2830D5780082E674 /* XCRemoteSwiftPackageReference "IOS-DI-Kit" */ = {
			isa = XCRemoteSwiftPackageReference;
			repositoryURL = "git@github.com:Adaptavant/IOS-DI-Kit.git";
			requirement = {
				kind = upToNextMinorVersion;
				minimumVersion = 0.0.2;
			};
		};
/* End XCRemoteSwiftPackageReference section */

/* Begin XCSwiftPackageProductDependency section */
		88097C2E2830D5780082E674 /* SwiftDI */ = {
			isa = XCSwiftPackageProductDependency;
			package = 88097C2D2830D5780082E674 /* XCRemoteSwiftPackageReference "IOS-DI-Kit" */;
			productName = SwiftDI;
		};
		88F3418028362A1F00493544 /* LoadifyKit */ = {
			isa = XCSwiftPackageProductDependency;
			productName = LoadifyKit;
		};
/* End XCSwiftPackageProductDependency section */
	};
	rootObject = 88A729A228264AD100B5FE61 /* Project object */;
}
