// !$*UTF8*$!
{
	archiveVersion = 1;
	classes = {
	};
	objectVersion = 55;
	objects = {

/* Begin PBXBuildFile section */
		88083D742855D9D00027BA0D /* VideoInfoTest.swift in Sources */ = {isa = PBXBuildFile; fileRef = 88083D732855D9D00027BA0D /* VideoInfoTest.swift */; };
		88220A89285DC9CC008260DE /* URLViewModel.swift in Sources */ = {isa = PBXBuildFile; fileRef = 88220A88285DC9CC008260DE /* URLViewModel.swift */; };
		882A8BA1282958D80094BA6E /* DownloadView.swift in Sources */ = {isa = PBXBuildFile; fileRef = 882A8BA0282958D80094BA6E /* DownloadView.swift */; };
		882A8BAA282973620094BA6E /* VideoQuality.swift in Sources */ = {isa = PBXBuildFile; fileRef = 882A8BA9282973620094BA6E /* VideoQuality.swift */; };
		882ECF9B28CDB55E001F4C7D /* API.swift in Sources */ = {isa = PBXBuildFile; fileRef = 882ECF9A28CDB55E001F4C7D /* API.swift */; };
		883233872855F34000BF38B5 /* Double+Extension.swift in Sources */ = {isa = PBXBuildFile; fileRef = 883233862855F34000BF38B5 /* Double+Extension.swift */; };
		88379936283A19F400DDBA79 /* Int+Extension.swift in Sources */ = {isa = PBXBuildFile; fileRef = 88379935283A19F400DDBA79 /* Int+Extension.swift */; };
		88379938283A1A0F00DDBA79 /* String+Extension.swift in Sources */ = {isa = PBXBuildFile; fileRef = 88379937283A1A0F00DDBA79 /* String+Extension.swift */; };
		88498D4C29A285BE007303B0 /* Logger+Extension.swift in Sources */ = {isa = PBXBuildFile; fileRef = 88498D4B29A285BE007303B0 /* Logger+Extension.swift */; };
		884BDAE12AB14A9F00A4828B /* CustomTextField.swift in Sources */ = {isa = PBXBuildFile; fileRef = 884BDAE02AB14A9F00A4828B /* CustomTextField.swift */; };
		884BDAE52AB14AF200A4828B /* ChannelView.swift in Sources */ = {isa = PBXBuildFile; fileRef = 884BDAE22AB14AF100A4828B /* ChannelView.swift */; };
		884BDAE62AB14AF200A4828B /* MenuButton.swift in Sources */ = {isa = PBXBuildFile; fileRef = 884BDAE32AB14AF100A4828B /* MenuButton.swift */; };
		884BDAE72AB14AF200A4828B /* InfoView.swift in Sources */ = {isa = PBXBuildFile; fileRef = 884BDAE42AB14AF200A4828B /* InfoView.swift */; };
		884BDAEB2AB14B2100A4828B /* CardView.swift in Sources */ = {isa = PBXBuildFile; fileRef = 884BDAE92AB14B2100A4828B /* CardView.swift */; };
		884BDAEC2AB14B2100A4828B /* CustomButtonStyle.swift in Sources */ = {isa = PBXBuildFile; fileRef = 884BDAEA2AB14B2100A4828B /* CustomButtonStyle.swift */; };
		888BD49B2A784F3900A835C5 /* Detailable+Extension.swift in Sources */ = {isa = PBXBuildFile; fileRef = 888BD49A2A784F3900A835C5 /* Detailable+Extension.swift */; };
		889714F82932618200D8B1B7 /* DownloadStatus.swift in Sources */ = {isa = PBXBuildFile; fileRef = 889714F72932618200D8B1B7 /* DownloadStatus.swift */; };
		889D520629B9AEDB00F61B1E /* Haptific+Extension.swift in Sources */ = {isa = PBXBuildFile; fileRef = 889D520529B9AEDB00F61B1E /* Haptific+Extension.swift */; };
		88A729AE28264AD100B5FE61 /* LoadifyApp.swift in Sources */ = {isa = PBXBuildFile; fileRef = 88A729AD28264AD100B5FE61 /* LoadifyApp.swift */; };
		88A729B028264AD100B5FE61 /* URLView.swift in Sources */ = {isa = PBXBuildFile; fileRef = 88A729AF28264AD100B5FE61 /* URLView.swift */; };
		88A729B228264AD400B5FE61 /* Assets.xcassets in Resources */ = {isa = PBXBuildFile; fileRef = 88A729B128264AD400B5FE61 /* Assets.xcassets */; };
		88A729B528264AD400B5FE61 /* Preview Assets.xcassets in Resources */ = {isa = PBXBuildFile; fileRef = 88A729B428264AD400B5FE61 /* Preview Assets.xcassets */; };
		88AFF4A32851E7BA00D00040 /* PhotosService.swift in Sources */ = {isa = PBXBuildFile; fileRef = 88AFF4A22851E7B900D00040 /* PhotosService.swift */; };
		88AFF4A528521F1300D00040 /* FileService.swift in Sources */ = {isa = PBXBuildFile; fileRef = 88AFF4A428521F1300D00040 /* FileService.swift */; };
		88B1CFAA2826BCA5007B19B4 /* DownloaderViewModel.swift in Sources */ = {isa = PBXBuildFile; fileRef = 88B1CFA92826BCA5007B19B4 /* DownloaderViewModel.swift */; };
		88B1CFAC2826C2D7007B19B4 /* VideoDetails.swift in Sources */ = {isa = PBXBuildFile; fileRef = 88B1CFAB2826C2D7007B19B4 /* VideoDetails.swift */; };
		88B3FD6B299A95F400112490 /* LoggerKit in Frameworks */ = {isa = PBXBuildFile; productRef = 88B3FD6A299A95F400112490 /* LoggerKit */; };
		88CD83B82827D77B00F520C0 /* ApiService.swift in Sources */ = {isa = PBXBuildFile; fileRef = 88CD83B72827D77B00F520C0 /* ApiService.swift */; };
		88D9D1E628C39EED00D6EB79 /* FontInter in Frameworks */ = {isa = PBXBuildFile; productRef = 88D9D1E528C39EED00D6EB79 /* FontInter */; };
		88D9D1E828C39EED00D6EB79 /* FontKit in Frameworks */ = {isa = PBXBuildFile; productRef = 88D9D1E728C39EED00D6EB79 /* FontKit */; };
		88DB2C342856F2820065BBF9 /* MockApiService.swift in Sources */ = {isa = PBXBuildFile; fileRef = 88DB2C332856F2820065BBF9 /* MockApiService.swift */; };
		88DB2C362856F2BB0065BBF9 /* Mockable.swift in Sources */ = {isa = PBXBuildFile; fileRef = 88DB2C352856F2BB0065BBF9 /* Mockable.swift */; };
		88DB2C382856F7820065BBF9 /* VideoDetailsResponse.json in Resources */ = {isa = PBXBuildFile; fileRef = 88DB2C372856F7820065BBF9 /* VideoDetailsResponse.json */; };
		88DB2C3B2856FDA60065BBF9 /* ApiServiceTest.swift in Sources */ = {isa = PBXBuildFile; fileRef = 88DB2C3A2856FDA60065BBF9 /* ApiServiceTest.swift */; };
		88EB388D2A835C5F0021A78C /* Haptific in Frameworks */ = {isa = PBXBuildFile; productRef = 88EB388C2A835C5F0021A78C /* Haptific */; };
		88EB388F2A835C7A0021A78C /* NetworkKit in Frameworks */ = {isa = PBXBuildFile; productRef = 88EB388E2A835C7A0021A78C /* NetworkKit */; };
		88EBFF2F284DC33A007EFF97 /* Protocols.swift in Sources */ = {isa = PBXBuildFile; fileRef = 88EBFF2E284DC33A007EFF97 /* Protocols.swift */; };
		88F341842836549000493544 /* LoadifyConstants.swift in Sources */ = {isa = PBXBuildFile; fileRef = 88F341832836549000493544 /* LoadifyConstants.swift */; };
		88FDA6E02862C80D0028DCE9 /* Errors.swift in Sources */ = {isa = PBXBuildFile; fileRef = 88FDA6DF2862C80D0028DCE9 /* Errors.swift */; };
/* End PBXBuildFile section */

/* Begin PBXContainerItemProxy section */
		88083D6E2855D95A0027BA0D /* PBXContainerItemProxy */ = {
			isa = PBXContainerItemProxy;
			containerPortal = 88A729A228264AD100B5FE61 /* Project object */;
			proxyType = 1;
			remoteGlobalIDString = 88A729A928264AD100B5FE61;
			remoteInfo = Loadify;
		};
/* End PBXContainerItemProxy section */

/* Begin PBXFileReference section */
		88083D6A2855D95A0027BA0D /* LoadifyTests.xctest */ = {isa = PBXFileReference; explicitFileType = wrapper.cfbundle; includeInIndex = 0; path = LoadifyTests.xctest; sourceTree = BUILT_PRODUCTS_DIR; };
		88083D732855D9D00027BA0D /* VideoInfoTest.swift */ = {isa = PBXFileReference; lastKnownFileType = sourcecode.swift; path = VideoInfoTest.swift; sourceTree = "<group>"; };
		88220A88285DC9CC008260DE /* URLViewModel.swift */ = {isa = PBXFileReference; lastKnownFileType = sourcecode.swift; path = URLViewModel.swift; sourceTree = "<group>"; };
		882A8BA0282958D80094BA6E /* DownloadView.swift */ = {isa = PBXFileReference; lastKnownFileType = sourcecode.swift; path = DownloadView.swift; sourceTree = "<group>"; };
		882A8BA9282973620094BA6E /* VideoQuality.swift */ = {isa = PBXFileReference; lastKnownFileType = sourcecode.swift; path = VideoQuality.swift; sourceTree = "<group>"; };
		882ECF9A28CDB55E001F4C7D /* API.swift */ = {isa = PBXFileReference; lastKnownFileType = sourcecode.swift; path = API.swift; sourceTree = "<group>"; };
		883233862855F34000BF38B5 /* Double+Extension.swift */ = {isa = PBXFileReference; lastKnownFileType = sourcecode.swift; path = "Double+Extension.swift"; sourceTree = "<group>"; };
		88379935283A19F400DDBA79 /* Int+Extension.swift */ = {isa = PBXFileReference; lastKnownFileType = sourcecode.swift; path = "Int+Extension.swift"; sourceTree = "<group>"; };
		88379937283A1A0F00DDBA79 /* String+Extension.swift */ = {isa = PBXFileReference; lastKnownFileType = sourcecode.swift; path = "String+Extension.swift"; sourceTree = "<group>"; };
		88498D4B29A285BE007303B0 /* Logger+Extension.swift */ = {isa = PBXFileReference; lastKnownFileType = sourcecode.swift; path = "Logger+Extension.swift"; sourceTree = "<group>"; };
		884BDAE02AB14A9F00A4828B /* CustomTextField.swift */ = {isa = PBXFileReference; fileEncoding = 4; lastKnownFileType = sourcecode.swift; path = CustomTextField.swift; sourceTree = "<group>"; };
		884BDAE22AB14AF100A4828B /* ChannelView.swift */ = {isa = PBXFileReference; fileEncoding = 4; lastKnownFileType = sourcecode.swift; path = ChannelView.swift; sourceTree = "<group>"; };
		884BDAE32AB14AF100A4828B /* MenuButton.swift */ = {isa = PBXFileReference; fileEncoding = 4; lastKnownFileType = sourcecode.swift; path = MenuButton.swift; sourceTree = "<group>"; };
		884BDAE42AB14AF200A4828B /* InfoView.swift */ = {isa = PBXFileReference; fileEncoding = 4; lastKnownFileType = sourcecode.swift; path = InfoView.swift; sourceTree = "<group>"; };
		884BDAE92AB14B2100A4828B /* CardView.swift */ = {isa = PBXFileReference; fileEncoding = 4; lastKnownFileType = sourcecode.swift; path = CardView.swift; sourceTree = "<group>"; };
		884BDAEA2AB14B2100A4828B /* CustomButtonStyle.swift */ = {isa = PBXFileReference; fileEncoding = 4; lastKnownFileType = sourcecode.swift; path = CustomButtonStyle.swift; sourceTree = "<group>"; };
		888BD49A2A784F3900A835C5 /* Detailable+Extension.swift */ = {isa = PBXFileReference; lastKnownFileType = sourcecode.swift; path = "Detailable+Extension.swift"; sourceTree = "<group>"; };
		889714F72932618200D8B1B7 /* DownloadStatus.swift */ = {isa = PBXFileReference; lastKnownFileType = sourcecode.swift; path = DownloadStatus.swift; sourceTree = "<group>"; };
		889D520529B9AEDB00F61B1E /* Haptific+Extension.swift */ = {isa = PBXFileReference; lastKnownFileType = sourcecode.swift; path = "Haptific+Extension.swift"; sourceTree = "<group>"; };
		88A729AA28264AD100B5FE61 /* Loadify.app */ = {isa = PBXFileReference; explicitFileType = wrapper.application; includeInIndex = 0; path = Loadify.app; sourceTree = BUILT_PRODUCTS_DIR; };
		88A729AD28264AD100B5FE61 /* LoadifyApp.swift */ = {isa = PBXFileReference; lastKnownFileType = sourcecode.swift; path = LoadifyApp.swift; sourceTree = "<group>"; };
		88A729AF28264AD100B5FE61 /* URLView.swift */ = {isa = PBXFileReference; lastKnownFileType = sourcecode.swift; path = URLView.swift; sourceTree = "<group>"; };
		88A729B128264AD400B5FE61 /* Assets.xcassets */ = {isa = PBXFileReference; lastKnownFileType = folder.assetcatalog; path = Assets.xcassets; sourceTree = "<group>"; };
		88A729B428264AD400B5FE61 /* Preview Assets.xcassets */ = {isa = PBXFileReference; lastKnownFileType = folder.assetcatalog; path = "Preview Assets.xcassets"; sourceTree = "<group>"; };
		88AFF4A22851E7B900D00040 /* PhotosService.swift */ = {isa = PBXFileReference; lastKnownFileType = sourcecode.swift; path = PhotosService.swift; sourceTree = "<group>"; };
		88AFF4A428521F1300D00040 /* FileService.swift */ = {isa = PBXFileReference; lastKnownFileType = sourcecode.swift; path = FileService.swift; sourceTree = "<group>"; };
		88B1CFA92826BCA5007B19B4 /* DownloaderViewModel.swift */ = {isa = PBXFileReference; lastKnownFileType = sourcecode.swift; path = DownloaderViewModel.swift; sourceTree = "<group>"; };
		88B1CFAB2826C2D7007B19B4 /* VideoDetails.swift */ = {isa = PBXFileReference; lastKnownFileType = sourcecode.swift; path = VideoDetails.swift; sourceTree = "<group>"; };
		88B9E1FC292A18E700232C0D /* README.md */ = {isa = PBXFileReference; lastKnownFileType = net.daringfireball.markdown; path = README.md; sourceTree = "<group>"; };
		88CD83B72827D77B00F520C0 /* ApiService.swift */ = {isa = PBXFileReference; lastKnownFileType = sourcecode.swift; path = ApiService.swift; sourceTree = "<group>"; };
		88DB2C332856F2820065BBF9 /* MockApiService.swift */ = {isa = PBXFileReference; lastKnownFileType = sourcecode.swift; path = MockApiService.swift; sourceTree = "<group>"; };
		88DB2C352856F2BB0065BBF9 /* Mockable.swift */ = {isa = PBXFileReference; lastKnownFileType = sourcecode.swift; path = Mockable.swift; sourceTree = "<group>"; };
		88DB2C372856F7820065BBF9 /* VideoDetailsResponse.json */ = {isa = PBXFileReference; lastKnownFileType = text.json; path = VideoDetailsResponse.json; sourceTree = "<group>"; };
		88DB2C3A2856FDA60065BBF9 /* ApiServiceTest.swift */ = {isa = PBXFileReference; lastKnownFileType = sourcecode.swift; path = ApiServiceTest.swift; sourceTree = "<group>"; };
		88EBFF2E284DC33A007EFF97 /* Protocols.swift */ = {isa = PBXFileReference; lastKnownFileType = sourcecode.swift; path = Protocols.swift; sourceTree = "<group>"; };
		88EF20112A81A98F005E3D69 /* Info.plist */ = {isa = PBXFileReference; lastKnownFileType = text.plist; path = Info.plist; sourceTree = "<group>"; };
		88F341832836549000493544 /* LoadifyConstants.swift */ = {isa = PBXFileReference; lastKnownFileType = sourcecode.swift; path = LoadifyConstants.swift; sourceTree = "<group>"; };
		88FDA6DF2862C80D0028DCE9 /* Errors.swift */ = {isa = PBXFileReference; lastKnownFileType = sourcecode.swift; path = Errors.swift; sourceTree = "<group>"; };
/* End PBXFileReference section */

/* Begin PBXFrameworksBuildPhase section */
		88083D672855D95A0027BA0D /* Frameworks */ = {
			isa = PBXFrameworksBuildPhase;
			buildActionMask = 2147483647;
			files = (
			);
			runOnlyForDeploymentPostprocessing = 0;
		};
		88A729A728264AD100B5FE61 /* Frameworks */ = {
			isa = PBXFrameworksBuildPhase;
			buildActionMask = 2147483647;
			files = (
				88EB388F2A835C7A0021A78C /* NetworkKit in Frameworks */,
				88D9D1E628C39EED00D6EB79 /* FontInter in Frameworks */,
				88B3FD6B299A95F400112490 /* LoggerKit in Frameworks */,
				88EB388D2A835C5F0021A78C /* Haptific in Frameworks */,
				88D9D1E828C39EED00D6EB79 /* FontKit in Frameworks */,
			);
			runOnlyForDeploymentPostprocessing = 0;
		};
/* End PBXFrameworksBuildPhase section */

/* Begin PBXGroup section */
		88083D6B2855D95A0027BA0D /* LoadifyTests */ = {
			isa = PBXGroup;
			children = (
				88DB2C322856F24F0065BBF9 /* ApiTest */,
				8832338828560CED00BF38B5 /* InfoTest */,
				88DB2C392856FD7C0065BBF9 /* Mock */,
				888BD4992A784F2600A835C5 /* Others */,
				88DB2C372856F7820065BBF9 /* VideoDetailsResponse.json */,
			);
			path = LoadifyTests;
			sourceTree = "<group>";
		};
		8815AFE5282AAF6D00980759 /* Frameworks */ = {
			isa = PBXGroup;
			children = (
			);
			name = Frameworks;
			sourceTree = "<group>";
		};
		882A8BA428296E470094BA6E /* Extensions */ = {
			isa = PBXGroup;
			children = (
				88379935283A19F400DDBA79 /* Int+Extension.swift */,
				883233862855F34000BF38B5 /* Double+Extension.swift */,
				88379937283A1A0F00DDBA79 /* String+Extension.swift */,
				88498D4B29A285BE007303B0 /* Logger+Extension.swift */,
				889D520529B9AEDB00F61B1E /* Haptific+Extension.swift */,
			);
			path = Extensions;
			sourceTree = "<group>";
		};
		882A8BAB282973730094BA6E /* Enums */ = {
			isa = PBXGroup;
			children = (
				882ECF9A28CDB55E001F4C7D /* API.swift */,
				88FDA6DF2862C80D0028DCE9 /* Errors.swift */,
				882A8BA9282973620094BA6E /* VideoQuality.swift */,
				889714F72932618200D8B1B7 /* DownloadStatus.swift */,
			);
			path = Enums;
			sourceTree = "<group>";
		};
		8832338828560CED00BF38B5 /* InfoTest */ = {
			isa = PBXGroup;
			children = (
				88083D732855D9D00027BA0D /* VideoInfoTest.swift */,
			);
			path = InfoTest;
			sourceTree = "<group>";
		};
		884BDADF2AB14A6700A4828B /* Components */ = {
			isa = PBXGroup;
			children = (
				884BDAE22AB14AF100A4828B /* ChannelView.swift */,
				884BDAE42AB14AF200A4828B /* InfoView.swift */,
				884BDAE32AB14AF100A4828B /* MenuButton.swift */,
				884BDAE02AB14A9F00A4828B /* CustomTextField.swift */,
			);
			path = Components;
			sourceTree = "<group>";
		};
		884BDAE82AB14B0200A4828B /* Modifiers */ = {
			isa = PBXGroup;
			children = (
				884BDAE92AB14B2100A4828B /* CardView.swift */,
				884BDAEA2AB14B2100A4828B /* CustomButtonStyle.swift */,
			);
			path = Modifiers;
			sourceTree = "<group>";
		};
		888BD4992A784F2600A835C5 /* Others */ = {
			isa = PBXGroup;
			children = (
				888BD49A2A784F3900A835C5 /* Detailable+Extension.swift */,
			);
			path = Others;
			sourceTree = "<group>";
		};
		88A729A128264AD100B5FE61 = {
			isa = PBXGroup;
			children = (
				88B9E1FC292A18E700232C0D /* README.md */,
				88A729AC28264AD100B5FE61 /* Loadify */,
				88083D6B2855D95A0027BA0D /* LoadifyTests */,
				88A729AB28264AD100B5FE61 /* Products */,
				8815AFE5282AAF6D00980759 /* Frameworks */,
			);
			sourceTree = "<group>";
		};
		88A729AB28264AD100B5FE61 /* Products */ = {
			isa = PBXGroup;
			children = (
				88A729AA28264AD100B5FE61 /* Loadify.app */,
				88083D6A2855D95A0027BA0D /* LoadifyTests.xctest */,
			);
			name = Products;
			sourceTree = "<group>";
		};
		88A729AC28264AD100B5FE61 /* Loadify */ = {
			isa = PBXGroup;
			children = (
				88EF20112A81A98F005E3D69 /* Info.plist */,
				88B1CFA62826BBA4007B19B4 /* App */,
				88A729BD2826506B00B5FE61 /* Model */,
				88A729BC2826506300B5FE61 /* View */,
				88A729BE2826507100B5FE61 /* ViewModel */,
				88B1CFAD2826C41D007B19B4 /* Services */,
				88EBFF2D284DC2EA007EFF97 /* Protocol */,
				88F341822836547C00493544 /* Others */,
				88A729B328264AD400B5FE61 /* Preview Content */,
			);
			path = Loadify;
			sourceTree = "<group>";
		};
		88A729B328264AD400B5FE61 /* Preview Content */ = {
			isa = PBXGroup;
			children = (
				88A729B428264AD400B5FE61 /* Preview Assets.xcassets */,
			);
			path = "Preview Content";
			sourceTree = "<group>";
		};
		88A729BB2826505500B5FE61 /* Resources */ = {
			isa = PBXGroup;
			children = (
				88A729B128264AD400B5FE61 /* Assets.xcassets */,
			);
			path = Resources;
			sourceTree = "<group>";
		};
		88A729BC2826506300B5FE61 /* View */ = {
			isa = PBXGroup;
			children = (
				884BDADF2AB14A6700A4828B /* Components */,
				88A729AF28264AD100B5FE61 /* URLView.swift */,
				882A8BA0282958D80094BA6E /* DownloadView.swift */,
			);
			path = View;
			sourceTree = "<group>";
		};
		88A729BD2826506B00B5FE61 /* Model */ = {
			isa = PBXGroup;
			children = (
				88B1CFAB2826C2D7007B19B4 /* VideoDetails.swift */,
			);
			path = Model;
			sourceTree = "<group>";
		};
		88A729BE2826507100B5FE61 /* ViewModel */ = {
			isa = PBXGroup;
			children = (
				88220A88285DC9CC008260DE /* URLViewModel.swift */,
				88B1CFA92826BCA5007B19B4 /* DownloaderViewModel.swift */,
			);
			path = ViewModel;
			sourceTree = "<group>";
		};
		88B1CFA62826BBA4007B19B4 /* App */ = {
			isa = PBXGroup;
			children = (
				88A729AD28264AD100B5FE61 /* LoadifyApp.swift */,
				882A8BAB282973730094BA6E /* Enums */,
			);
			path = App;
			sourceTree = "<group>";
		};
		88B1CFAD2826C41D007B19B4 /* Services */ = {
			isa = PBXGroup;
			children = (
				88CD83B72827D77B00F520C0 /* ApiService.swift */,
				88AFF4A428521F1300D00040 /* FileService.swift */,
				88AFF4A22851E7B900D00040 /* PhotosService.swift */,
			);
			path = Services;
			sourceTree = "<group>";
		};
		88DB2C322856F24F0065BBF9 /* ApiTest */ = {
			isa = PBXGroup;
			children = (
				88DB2C3A2856FDA60065BBF9 /* ApiServiceTest.swift */,
			);
			path = ApiTest;
			sourceTree = "<group>";
		};
		88DB2C392856FD7C0065BBF9 /* Mock */ = {
			isa = PBXGroup;
			children = (
				88DB2C332856F2820065BBF9 /* MockApiService.swift */,
				88DB2C352856F2BB0065BBF9 /* Mockable.swift */,
			);
			path = Mock;
			sourceTree = "<group>";
		};
		88EBFF2D284DC2EA007EFF97 /* Protocol */ = {
			isa = PBXGroup;
			children = (
				88EBFF2E284DC33A007EFF97 /* Protocols.swift */,
			);
			path = Protocol;
			sourceTree = "<group>";
		};
		88F341822836547C00493544 /* Others */ = {
			isa = PBXGroup;
			children = (
				88A729BB2826505500B5FE61 /* Resources */,
				884BDAE82AB14B0200A4828B /* Modifiers */,
				882A8BA428296E470094BA6E /* Extensions */,
				88F341832836549000493544 /* LoadifyConstants.swift */,
			);
			path = Others;
			sourceTree = "<group>";
		};
/* End PBXGroup section */

/* Begin PBXNativeTarget section */
		88083D692855D95A0027BA0D /* LoadifyTests */ = {
			isa = PBXNativeTarget;
			buildConfigurationList = 88083D702855D95A0027BA0D /* Build configuration list for PBXNativeTarget "LoadifyTests" */;
			buildPhases = (
				88083D662855D95A0027BA0D /* Sources */,
				88083D672855D95A0027BA0D /* Frameworks */,
				88083D682855D95A0027BA0D /* Resources */,
			);
			buildRules = (
			);
			dependencies = (
				88083D6F2855D95A0027BA0D /* PBXTargetDependency */,
			);
			name = LoadifyTests;
			productName = LoadifyTests;
			productReference = 88083D6A2855D95A0027BA0D /* LoadifyTests.xctest */;
			productType = "com.apple.product-type.bundle.unit-test";
		};
		88A729A928264AD100B5FE61 /* Loadify */ = {
			isa = PBXNativeTarget;
			buildConfigurationList = 88A729B828264AD400B5FE61 /* Build configuration list for PBXNativeTarget "Loadify" */;
			buildPhases = (
				88A729A628264AD100B5FE61 /* Sources */,
				88A729A728264AD100B5FE61 /* Frameworks */,
				88A729A828264AD100B5FE61 /* Resources */,
			);
			buildRules = (
			);
			dependencies = (
			);
			name = Loadify;
			packageProductDependencies = (
				88D9D1E528C39EED00D6EB79 /* FontInter */,
				88D9D1E728C39EED00D6EB79 /* FontKit */,
				88B3FD6A299A95F400112490 /* LoggerKit */,
				88EB388C2A835C5F0021A78C /* Haptific */,
				88EB388E2A835C7A0021A78C /* NetworkKit */,
			);
			productName = Loadify;
			productReference = 88A729AA28264AD100B5FE61 /* Loadify.app */;
			productType = "com.apple.product-type.application";
		};
/* End PBXNativeTarget section */

/* Begin PBXProject section */
		88A729A228264AD100B5FE61 /* Project object */ = {
			isa = PBXProject;
			attributes = {
				BuildIndependentTargetsInParallel = 1;
				LastSwiftUpdateCheck = 1340;
				LastUpgradeCheck = 1330;
				TargetAttributes = {
					88083D692855D95A0027BA0D = {
						CreatedOnToolsVersion = 13.4.1;
						TestTargetID = 88A729A928264AD100B5FE61;
					};
					88A729A928264AD100B5FE61 = {
						CreatedOnToolsVersion = 13.3.1;
					};
				};
			};
			buildConfigurationList = 88A729A528264AD100B5FE61 /* Build configuration list for PBXProject "Loadify" */;
			compatibilityVersion = "Xcode 13.0";
			developmentRegion = en;
			hasScannedForEncodings = 0;
			knownRegions = (
				en,
				Base,
			);
			mainGroup = 88A729A128264AD100B5FE61;
			packageReferences = (
				88D9D1E328C39EAB00D6EB79 /* XCRemoteSwiftPackageReference "FontKit" */,
				88B3FD69299A95F400112490 /* XCRemoteSwiftPackageReference "LoggerKit" */,
				88EB388A2A835C430021A78C /* XCRemoteSwiftPackageReference "NetworkKit" */,
				88EB388B2A835C5F0021A78C /* XCRemoteSwiftPackageReference "Haptific" */,
			);
			productRefGroup = 88A729AB28264AD100B5FE61 /* Products */;
			projectDirPath = "";
			projectRoot = "";
			targets = (
				88A729A928264AD100B5FE61 /* Loadify */,
				88083D692855D95A0027BA0D /* LoadifyTests */,
			);
		};
/* End PBXProject section */

/* Begin PBXResourcesBuildPhase section */
		88083D682855D95A0027BA0D /* Resources */ = {
			isa = PBXResourcesBuildPhase;
			buildActionMask = 2147483647;
			files = (
				88DB2C382856F7820065BBF9 /* VideoDetailsResponse.json in Resources */,
			);
			runOnlyForDeploymentPostprocessing = 0;
		};
		88A729A828264AD100B5FE61 /* Resources */ = {
			isa = PBXResourcesBuildPhase;
			buildActionMask = 2147483647;
			files = (
				88A729B528264AD400B5FE61 /* Preview Assets.xcassets in Resources */,
				88A729B228264AD400B5FE61 /* Assets.xcassets in Resources */,
			);
			runOnlyForDeploymentPostprocessing = 0;
		};
/* End PBXResourcesBuildPhase section */

/* Begin PBXSourcesBuildPhase section */
		88083D662855D95A0027BA0D /* Sources */ = {
			isa = PBXSourcesBuildPhase;
			buildActionMask = 2147483647;
			files = (
				88DB2C342856F2820065BBF9 /* MockApiService.swift in Sources */,
				88DB2C362856F2BB0065BBF9 /* Mockable.swift in Sources */,
				88DB2C3B2856FDA60065BBF9 /* ApiServiceTest.swift in Sources */,
				88083D742855D9D00027BA0D /* VideoInfoTest.swift in Sources */,
				888BD49B2A784F3900A835C5 /* Detailable+Extension.swift in Sources */,
			);
			runOnlyForDeploymentPostprocessing = 0;
		};
		88A729A628264AD100B5FE61 /* Sources */ = {
			isa = PBXSourcesBuildPhase;
			buildActionMask = 2147483647;
			files = (
				884BDAE62AB14AF200A4828B /* MenuButton.swift in Sources */,
				882A8BA1282958D80094BA6E /* DownloadView.swift in Sources */,
				884BDAEC2AB14B2100A4828B /* CustomButtonStyle.swift in Sources */,
				88EBFF2F284DC33A007EFF97 /* Protocols.swift in Sources */,
				88379936283A19F400DDBA79 /* Int+Extension.swift in Sources */,
				88AFF4A32851E7BA00D00040 /* PhotosService.swift in Sources */,
				88B1CFAC2826C2D7007B19B4 /* VideoDetails.swift in Sources */,
				88F341842836549000493544 /* LoadifyConstants.swift in Sources */,
				88A729B028264AD100B5FE61 /* URLView.swift in Sources */,
				88220A89285DC9CC008260DE /* URLViewModel.swift in Sources */,
				882ECF9B28CDB55E001F4C7D /* API.swift in Sources */,
				88FDA6E02862C80D0028DCE9 /* Errors.swift in Sources */,
				88498D4C29A285BE007303B0 /* Logger+Extension.swift in Sources */,
				88A729AE28264AD100B5FE61 /* LoadifyApp.swift in Sources */,
				88379938283A1A0F00DDBA79 /* String+Extension.swift in Sources */,
				884BDAEB2AB14B2100A4828B /* CardView.swift in Sources */,
				88AFF4A528521F1300D00040 /* FileService.swift in Sources */,
				884BDAE52AB14AF200A4828B /* ChannelView.swift in Sources */,
				884BDAE72AB14AF200A4828B /* InfoView.swift in Sources */,
				884BDAE12AB14A9F00A4828B /* CustomTextField.swift in Sources */,
				882A8BAA282973620094BA6E /* VideoQuality.swift in Sources */,
				883233872855F34000BF38B5 /* Double+Extension.swift in Sources */,
				88CD83B82827D77B00F520C0 /* ApiService.swift in Sources */,
				88B1CFAA2826BCA5007B19B4 /* DownloaderViewModel.swift in Sources */,
				889714F82932618200D8B1B7 /* DownloadStatus.swift in Sources */,
				889D520629B9AEDB00F61B1E /* Haptific+Extension.swift in Sources */,
			);
			runOnlyForDeploymentPostprocessing = 0;
		};
/* End PBXSourcesBuildPhase section */

/* Begin PBXTargetDependency section */
		88083D6F2855D95A0027BA0D /* PBXTargetDependency */ = {
			isa = PBXTargetDependency;
			target = 88A729A928264AD100B5FE61 /* Loadify */;
			targetProxy = 88083D6E2855D95A0027BA0D /* PBXContainerItemProxy */;
		};
/* End PBXTargetDependency section */

/* Begin XCBuildConfiguration section */
		88083D712855D95A0027BA0D /* Debug */ = {
			isa = XCBuildConfiguration;
			buildSettings = {
				BUNDLE_LOADER = "$(TEST_HOST)";
				CODE_SIGN_STYLE = Automatic;
				CURRENT_PROJECT_VERSION = 1;
				DEVELOPMENT_TEAM = 5Q2G7C7C3U;
				GENERATE_INFOPLIST_FILE = YES;
				IPHONEOS_DEPLOYMENT_TARGET = 15.5;
				MARKETING_VERSION = 1.0;
				PRODUCT_BUNDLE_IDENTIFIER = loadify.LoadifyTests;
				PRODUCT_NAME = "$(TARGET_NAME)";
				SWIFT_EMIT_LOC_STRINGS = NO;
				SWIFT_VERSION = 5.0;
				TARGETED_DEVICE_FAMILY = "1,2";
				TEST_HOST = "$(BUILT_PRODUCTS_DIR)/Loadify.app/Loadify";
			};
			name = Debug;
		};
		88083D722855D95A0027BA0D /* Release */ = {
			isa = XCBuildConfiguration;
			buildSettings = {
				BUNDLE_LOADER = "$(TEST_HOST)";
				CODE_SIGN_STYLE = Automatic;
				CURRENT_PROJECT_VERSION = 1;
				DEVELOPMENT_TEAM = 5Q2G7C7C3U;
				GENERATE_INFOPLIST_FILE = YES;
				IPHONEOS_DEPLOYMENT_TARGET = 15.5;
				MARKETING_VERSION = 1.0;
				PRODUCT_BUNDLE_IDENTIFIER = loadify.LoadifyTests;
				PRODUCT_NAME = "$(TARGET_NAME)";
				SWIFT_EMIT_LOC_STRINGS = NO;
				SWIFT_VERSION = 5.0;
				TARGETED_DEVICE_FAMILY = "1,2";
				TEST_HOST = "$(BUILT_PRODUCTS_DIR)/Loadify.app/Loadify";
			};
			name = Release;
		};
		88A729B628264AD400B5FE61 /* Debug */ = {
			isa = XCBuildConfiguration;
			buildSettings = {
				ALWAYS_SEARCH_USER_PATHS = NO;
				CLANG_ANALYZER_NONNULL = YES;
				CLANG_ANALYZER_NUMBER_OBJECT_CONVERSION = YES_AGGRESSIVE;
				CLANG_CXX_LANGUAGE_STANDARD = "gnu++17";
				CLANG_ENABLE_MODULES = YES;
				CLANG_ENABLE_OBJC_ARC = YES;
				CLANG_ENABLE_OBJC_WEAK = YES;
				CLANG_WARN_BLOCK_CAPTURE_AUTORELEASING = YES;
				CLANG_WARN_BOOL_CONVERSION = YES;
				CLANG_WARN_COMMA = YES;
				CLANG_WARN_CONSTANT_CONVERSION = YES;
				CLANG_WARN_DEPRECATED_OBJC_IMPLEMENTATIONS = YES;
				CLANG_WARN_DIRECT_OBJC_ISA_USAGE = YES_ERROR;
				CLANG_WARN_DOCUMENTATION_COMMENTS = YES;
				CLANG_WARN_EMPTY_BODY = YES;
				CLANG_WARN_ENUM_CONVERSION = YES;
				CLANG_WARN_INFINITE_RECURSION = YES;
				CLANG_WARN_INT_CONVERSION = YES;
				CLANG_WARN_NON_LITERAL_NULL_CONVERSION = YES;
				CLANG_WARN_OBJC_IMPLICIT_RETAIN_SELF = YES;
				CLANG_WARN_OBJC_LITERAL_CONVERSION = YES;
				CLANG_WARN_OBJC_ROOT_CLASS = YES_ERROR;
				CLANG_WARN_QUOTED_INCLUDE_IN_FRAMEWORK_HEADER = YES;
				CLANG_WARN_RANGE_LOOP_ANALYSIS = YES;
				CLANG_WARN_STRICT_PROTOTYPES = YES;
				CLANG_WARN_SUSPICIOUS_MOVE = YES;
				CLANG_WARN_UNGUARDED_AVAILABILITY = YES_AGGRESSIVE;
				CLANG_WARN_UNREACHABLE_CODE = YES;
				CLANG_WARN__DUPLICATE_METHOD_MATCH = YES;
				COPY_PHASE_STRIP = NO;
				DEBUG_INFORMATION_FORMAT = dwarf;
				ENABLE_STRICT_OBJC_MSGSEND = YES;
				ENABLE_TESTABILITY = YES;
				GCC_C_LANGUAGE_STANDARD = gnu11;
				GCC_DYNAMIC_NO_PIC = NO;
				GCC_NO_COMMON_BLOCKS = YES;
				GCC_OPTIMIZATION_LEVEL = 0;
				GCC_PREPROCESSOR_DEFINITIONS = (
					"DEBUG=1",
					"$(inherited)",
				);
				GCC_WARN_64_TO_32_BIT_CONVERSION = YES;
				GCC_WARN_ABOUT_RETURN_TYPE = YES_ERROR;
				GCC_WARN_UNDECLARED_SELECTOR = YES;
				GCC_WARN_UNINITIALIZED_AUTOS = YES_AGGRESSIVE;
				GCC_WARN_UNUSED_FUNCTION = YES;
				GCC_WARN_UNUSED_VARIABLE = YES;
				IPHONEOS_DEPLOYMENT_TARGET = 14.0;
				MTL_ENABLE_DEBUG_INFO = INCLUDE_SOURCE;
				MTL_FAST_MATH = YES;
				ONLY_ACTIVE_ARCH = YES;
				SDKROOT = iphoneos;
				SWIFT_ACTIVE_COMPILATION_CONDITIONS = DEBUG;
				SWIFT_OPTIMIZATION_LEVEL = "-Onone";
			};
			name = Debug;
		};
		88A729B728264AD400B5FE61 /* Release */ = {
			isa = XCBuildConfiguration;
			buildSettings = {
				ALWAYS_SEARCH_USER_PATHS = NO;
				CLANG_ANALYZER_NONNULL = YES;
				CLANG_ANALYZER_NUMBER_OBJECT_CONVERSION = YES_AGGRESSIVE;
				CLANG_CXX_LANGUAGE_STANDARD = "gnu++17";
				CLANG_ENABLE_MODULES = YES;
				CLANG_ENABLE_OBJC_ARC = YES;
				CLANG_ENABLE_OBJC_WEAK = YES;
				CLANG_WARN_BLOCK_CAPTURE_AUTORELEASING = YES;
				CLANG_WARN_BOOL_CONVERSION = YES;
				CLANG_WARN_COMMA = YES;
				CLANG_WARN_CONSTANT_CONVERSION = YES;
				CLANG_WARN_DEPRECATED_OBJC_IMPLEMENTATIONS = YES;
				CLANG_WARN_DIRECT_OBJC_ISA_USAGE = YES_ERROR;
				CLANG_WARN_DOCUMENTATION_COMMENTS = YES;
				CLANG_WARN_EMPTY_BODY = YES;
				CLANG_WARN_ENUM_CONVERSION = YES;
				CLANG_WARN_INFINITE_RECURSION = YES;
				CLANG_WARN_INT_CONVERSION = YES;
				CLANG_WARN_NON_LITERAL_NULL_CONVERSION = YES;
				CLANG_WARN_OBJC_IMPLICIT_RETAIN_SELF = YES;
				CLANG_WARN_OBJC_LITERAL_CONVERSION = YES;
				CLANG_WARN_OBJC_ROOT_CLASS = YES_ERROR;
				CLANG_WARN_QUOTED_INCLUDE_IN_FRAMEWORK_HEADER = YES;
				CLANG_WARN_RANGE_LOOP_ANALYSIS = YES;
				CLANG_WARN_STRICT_PROTOTYPES = YES;
				CLANG_WARN_SUSPICIOUS_MOVE = YES;
				CLANG_WARN_UNGUARDED_AVAILABILITY = YES_AGGRESSIVE;
				CLANG_WARN_UNREACHABLE_CODE = YES;
				CLANG_WARN__DUPLICATE_METHOD_MATCH = YES;
				COPY_PHASE_STRIP = NO;
				DEBUG_INFORMATION_FORMAT = "dwarf-with-dsym";
				ENABLE_NS_ASSERTIONS = NO;
				ENABLE_STRICT_OBJC_MSGSEND = YES;
				GCC_C_LANGUAGE_STANDARD = gnu11;
				GCC_NO_COMMON_BLOCKS = YES;
				GCC_WARN_64_TO_32_BIT_CONVERSION = YES;
				GCC_WARN_ABOUT_RETURN_TYPE = YES_ERROR;
				GCC_WARN_UNDECLARED_SELECTOR = YES;
				GCC_WARN_UNINITIALIZED_AUTOS = YES_AGGRESSIVE;
				GCC_WARN_UNUSED_FUNCTION = YES;
				GCC_WARN_UNUSED_VARIABLE = YES;
				IPHONEOS_DEPLOYMENT_TARGET = 14.0;
				MTL_ENABLE_DEBUG_INFO = NO;
				MTL_FAST_MATH = YES;
				SDKROOT = iphoneos;
				SWIFT_COMPILATION_MODE = wholemodule;
				SWIFT_OPTIMIZATION_LEVEL = "-O";
				VALIDATE_PRODUCT = YES;
			};
			name = Release;
		};
		88A729B928264AD400B5FE61 /* Debug */ = {
			isa = XCBuildConfiguration;
			buildSettings = {
				ASSETCATALOG_COMPILER_APPICON_NAME = AppIcon;
				ASSETCATALOG_COMPILER_GLOBAL_ACCENT_COLOR_NAME = AccentColor;
				CODE_SIGN_STYLE = Automatic;
				CURRENT_PROJECT_VERSION = 1;
				DEVELOPMENT_ASSET_PATHS = "\"Loadify/Preview Content\"";
				DEVELOPMENT_TEAM = 5Q2G7C7C3U;
				ENABLE_PREVIEWS = YES;
				GENERATE_INFOPLIST_FILE = YES;
				INFOPLIST_FILE = Loadify/Info.plist;
				INFOPLIST_KEY_NSPhotoLibraryUsageDescription = "We need your photos access to save the downloaded files";
				INFOPLIST_KEY_UIApplicationSceneManifest_Generation = YES;
				INFOPLIST_KEY_UIApplicationSupportsIndirectInputEvents = YES;
				INFOPLIST_KEY_UILaunchScreen_Generation = YES;
				INFOPLIST_KEY_UISupportedInterfaceOrientations = UIInterfaceOrientationPortrait;
				INFOPLIST_KEY_UISupportedInterfaceOrientations_iPad = "UIInterfaceOrientationPortrait UIInterfaceOrientationPortraitUpsideDown UIInterfaceOrientationLandscapeLeft UIInterfaceOrientationLandscapeRight";
				INFOPLIST_KEY_UISupportedInterfaceOrientations_iPhone = "UIInterfaceOrientationPortrait UIInterfaceOrientationLandscapeLeft UIInterfaceOrientationLandscapeRight";
				IPHONEOS_DEPLOYMENT_TARGET = 15.0;
				LD_RUNPATH_SEARCH_PATHS = (
					"$(inherited)",
					"@executable_path/Frameworks",
				);
				MARKETING_VERSION = 1.0;
				PRODUCT_BUNDLE_IDENTIFIER = io.VishwaiOSDev.Loadify;
				PRODUCT_NAME = "$(TARGET_NAME)";
				SWIFT_EMIT_LOC_STRINGS = YES;
				SWIFT_VERSION = 5.0;
				TARGETED_DEVICE_FAMILY = 1;
			};
			name = Debug;
		};
		88A729BA28264AD400B5FE61 /* Release */ = {
			isa = XCBuildConfiguration;
			buildSettings = {
				ASSETCATALOG_COMPILER_APPICON_NAME = AppIcon;
				ASSETCATALOG_COMPILER_GLOBAL_ACCENT_COLOR_NAME = AccentColor;
				CODE_SIGN_STYLE = Automatic;
				CURRENT_PROJECT_VERSION = 1;
				DEVELOPMENT_ASSET_PATHS = "\"Loadify/Preview Content\"";
				DEVELOPMENT_TEAM = 5Q2G7C7C3U;
				ENABLE_PREVIEWS = YES;
				GENERATE_INFOPLIST_FILE = YES;
				INFOPLIST_FILE = Loadify/Info.plist;
				INFOPLIST_KEY_NSPhotoLibraryUsageDescription = "We need your photos access to save the downloaded files";
				INFOPLIST_KEY_UIApplicationSceneManifest_Generation = YES;
				INFOPLIST_KEY_UIApplicationSupportsIndirectInputEvents = YES;
				INFOPLIST_KEY_UILaunchScreen_Generation = YES;
				INFOPLIST_KEY_UISupportedInterfaceOrientations = UIInterfaceOrientationPortrait;
				INFOPLIST_KEY_UISupportedInterfaceOrientations_iPad = "UIInterfaceOrientationPortrait UIInterfaceOrientationPortraitUpsideDown UIInterfaceOrientationLandscapeLeft UIInterfaceOrientationLandscapeRight";
				INFOPLIST_KEY_UISupportedInterfaceOrientations_iPhone = "UIInterfaceOrientationPortrait UIInterfaceOrientationLandscapeLeft UIInterfaceOrientationLandscapeRight";
				IPHONEOS_DEPLOYMENT_TARGET = 15.0;
				LD_RUNPATH_SEARCH_PATHS = (
					"$(inherited)",
					"@executable_path/Frameworks",
				);
				MARKETING_VERSION = 1.0;
				PRODUCT_BUNDLE_IDENTIFIER = io.VishwaiOSDev.Loadify;
				PRODUCT_NAME = "$(TARGET_NAME)";
				SWIFT_EMIT_LOC_STRINGS = YES;
				SWIFT_VERSION = 5.0;
				TARGETED_DEVICE_FAMILY = 1;
			};
			name = Release;
		};
/* End XCBuildConfiguration section */

/* Begin XCConfigurationList section */
		88083D702855D95A0027BA0D /* Build configuration list for PBXNativeTarget "LoadifyTests" */ = {
			isa = XCConfigurationList;
			buildConfigurations = (
				88083D712855D95A0027BA0D /* Debug */,
				88083D722855D95A0027BA0D /* Release */,
			);
			defaultConfigurationIsVisible = 0;
			defaultConfigurationName = Release;
		};
		88A729A528264AD100B5FE61 /* Build configuration list for PBXProject "Loadify" */ = {
			isa = XCConfigurationList;
			buildConfigurations = (
				88A729B628264AD400B5FE61 /* Debug */,
				88A729B728264AD400B5FE61 /* Release */,
			);
			defaultConfigurationIsVisible = 0;
			defaultConfigurationName = Release;
		};
		88A729B828264AD400B5FE61 /* Build configuration list for PBXNativeTarget "Loadify" */ = {
			isa = XCConfigurationList;
			buildConfigurations = (
				88A729B928264AD400B5FE61 /* Debug */,
				88A729BA28264AD400B5FE61 /* Release */,
			);
			defaultConfigurationIsVisible = 0;
			defaultConfigurationName = Release;
		};
/* End XCConfigurationList section */

/* Begin XCRemoteSwiftPackageReference section */
		88B3FD69299A95F400112490 /* XCRemoteSwiftPackageReference "LoggerKit" */ = {
			isa = XCRemoteSwiftPackageReference;
			repositoryURL = "https://github.com/VishwaiOSDev/LoggerKit";
			requirement = {
				kind = upToNextMinorVersion;
				minimumVersion = 1.1.1;
			};
		};
		88D9D1E328C39EAB00D6EB79 /* XCRemoteSwiftPackageReference "FontKit" */ = {
			isa = XCRemoteSwiftPackageReference;
			repositoryURL = "https://github.com/VishwaiOSDev/FontKit";
			requirement = {
				kind = upToNextMinorVersion;
				minimumVersion = 0.0.5;
			};
		};
		88EB388A2A835C430021A78C /* XCRemoteSwiftPackageReference "NetworkKit" */ = {
			isa = XCRemoteSwiftPackageReference;
			repositoryURL = "https://github.com/VishwaiOSDev/NetworkKit";
			requirement = {
				kind = upToNextMajorVersion;
				minimumVersion = 0.2.0;
			};
		};
		88EB388B2A835C5F0021A78C /* XCRemoteSwiftPackageReference "Haptific" */ = {
			isa = XCRemoteSwiftPackageReference;
			repositoryURL = "https://github.com/Vignesh-Thangamariappan/Haptific";
			requirement = {
				kind = upToNextMajorVersion;
				minimumVersion = 1.0.0;
			};
		};
/* End XCRemoteSwiftPackageReference section */

/* Begin XCSwiftPackageProductDependency section */
		88B3FD6A299A95F400112490 /* LoggerKit */ = {
			isa = XCSwiftPackageProductDependency;
			package = 88B3FD69299A95F400112490 /* XCRemoteSwiftPackageReference "LoggerKit" */;
			productName = LoggerKit;
		};
		88D9D1E528C39EED00D6EB79 /* FontInter */ = {
			isa = XCSwiftPackageProductDependency;
			package = 88D9D1E328C39EAB00D6EB79 /* XCRemoteSwiftPackageReference "FontKit" */;
			productName = FontInter;
		};
		88D9D1E728C39EED00D6EB79 /* FontKit */ = {
			isa = XCSwiftPackageProductDependency;
			package = 88D9D1E328C39EAB00D6EB79 /* XCRemoteSwiftPackageReference "FontKit" */;
			productName = FontKit;
		};
		88EB388C2A835C5F0021A78C /* Haptific */ = {
			isa = XCSwiftPackageProductDependency;
			package = 88EB388B2A835C5F0021A78C /* XCRemoteSwiftPackageReference "Haptific" */;
			productName = Haptific;
		};
		88EB388E2A835C7A0021A78C /* NetworkKit */ = {
			isa = XCSwiftPackageProductDependency;
			package = 88EB388A2A835C430021A78C /* XCRemoteSwiftPackageReference "NetworkKit" */;
			productName = NetworkKit;
		};
/* End XCSwiftPackageProductDependency section */
	};
	rootObject = 88A729A228264AD100B5FE61 /* Project object */;
}
