{
  "pins" : [
    {
      "identity" : "fontkit",
      "kind" : "remoteSourceControl",
      "location" : "https://github.com/VishwaiOSDev/FontKit",
      "state" : {
        "revision" : "c0f89b14d0f6dd70b20cda4004b1b120a58429b2",
        "version" : "0.0.5"
      }
    },
    {
      "identity" : "haptific",
      "kind" : "remoteSourceControl",
      "location" : "git@github.com:VishwaiOSDev/Haptific.git",
      "state" : {
        "branch" : "main",
        "revision" : "b443795f1976ddc95fa9badec935db1214038973"
      }
    },
    {
      "identity" : "loadifykit",
      "kind" : "remoteSourceControl",
      "location" : "git@github.com:VishwaiOSDev/LoadifyKit.git",
      "state" : {
        "revision" : "b396c71a04cec778014128cb89e27f2ed91587f8",
        "version" : "0.4.1"
      }
    },
    {
      "identity" : "loggerkit",
      "kind" : "remoteSourceControl",
      "location" : "git@github.com:VishwaiOSDev/LoggerKit.git",
      "state" : {
        "revision" : "d4c55d28e3eaa620c4a85c0fcf2ae03ffe889edb",
        "version" : "1.1.2"
      }
    },
    {
      "identity" : "networkkit",
      "kind" : "remoteSourceControl",
      "location" : "git@github.com:VishwaiOSDev/NetworkKit.git",
      "state" : {
        "revision" : "bdbc83119e0b31d99599ea8d8bcb1b65c3a77b86",
        "version" : "0.1.9"
      }
    }
  ],
  "version" : 2
}
