{
  "pins" : [
    {
      "identity" : "fontkit",
      "kind" : "remoteSourceControl",
      "location" : "https://github.com/VishwaiOSDev/FontKit",
      "state" : {
        "revision" : "c0f89b14d0f6dd70b20cda4004b1b120a58429b2",
        "version" : "0.0.5"
      }
    },
    {
      "identity" : "haptific",
      "kind" : "remoteSourceControl",
      "location" : "https://github.com/Vignesh-Thangamariappan/Haptific",
      "state" : {
        "revision" : "f8b2e588f2d64a11d98a1c396d11dfaec1e8e7f9",
        "version" : "1.0.0"
      }
    },
    {
      "identity" : "loggerkit",
      "kind" : "remoteSourceControl",
      "location" : "git@github.com:VishwaiOSDev/LoggerKit.git",
      "state" : {
        "revision" : "d4c55d28e3eaa620c4a85c0fcf2ae03ffe889edb",
        "version" : "1.1.2"
      }
    },
    {
      "identity" : "networkkit",
      "kind" : "remoteSourceControl",
      "location" : "https://github.com/VishwaiOSDev/NetworkKit",
      "state" : {
        "revision" : "9ac3475feb27c5470b1e592ff59b4f6d98dd1be3",
        "version" : "0.2.0"
      }
    }
  ],
  "version" : 2
}
