{
  "pins" : [
    {
      "identity" : "fontkit",
      "kind" : "remoteSourceControl",
      "location" : "https://github.com/VishwaiOSDev/FontKit",
      "state" : {
        "revision" : "c0f89b14d0f6dd70b20cda4004b1b120a58429b2",
        "version" : "0.0.5"
      }
    },
    {
      "identity" : "loadifykit",
      "kind" : "remoteSourceControl",
      "location" : "git@github.com:VishwaiOSDev/LoadifyKit.git",
      "state" : {
        "revision" : "34c1e5e3448658fca51c9a195e223b7b2750af80",
        "version" : "0.0.9"
      }
    },
    {
      "identity" : "logkit",
      "kind" : "remoteSourceControl",
      "location" : "https://github.com/VishwaiOSDev/LogKit",
      "state" : {
        "revision" : "9dd0dce3dc8ddf8f32a56abad595d4938525d464",
        "version" : "0.0.9"
      }
    },
    {
      "identity" : "networkkit",
      "kind" : "remoteSourceControl",
      "location" : "git@github.com:VishwaiOSDev/NetworkKit.git",
      "state" : {
        "revision" : "962e6c302549371bd6f5adb1a8d4eff8770202d4",
        "version" : "0.0.1"
      }
    }
  ],
  "version" : 2
}
